{
  "name": "awesome-bilibili-extra",
  "version": "1.0.0",
  "lockfileVersion": 2,
  "requires": true,
  "packages": {
    "": {
      "name": "awesome-bilibili-extra",
      "version": "1.0.0",
      "license": "MIT",
      "devDependencies": {
        "axios": "^0.26.0",
        "pangu": "^4.0.7"
      }
    },
    "node_modules/axios": {
      "version": "0.26.0",
      "resolved": "https://registry.npmmirror.com/axios/-/axios-0.26.0.tgz",
      "integrity": "sha512-lKoGLMYtHvFrPVt3r+RBMp9nh34N0M8zEfCWqdWZx6phynIEhQqAdydpyBAAG211zlhX9Rgu08cOamy6XjE5Og==",
      "dev": true,
      "dependencies": {
        "follow-redirects": "^1.14.8"
      }
    },
    "node_modules/follow-redirects": {
      "version": "1.14.9",
      "resolved": "https://registry.npmmirror.com/follow-redirects/-/follow-redirects-1.14.9.tgz",
      "integrity": "sha512-MQDfihBQYMcyy5dhRDJUHcw7lb2Pv/TuE6xP1vyraLukNDHKbDxDNaOE3NbCAdKQApno+GPRyo1YAp89yCjK4w==",
      "dev": true,
      "engines": {
        "node": ">=4.0"
      },
      "peerDependenciesMeta": {
        "debug": {
          "optional": true
        }
      }
    },
    "node_modules/pangu": {
      "version": "4.0.7",
      "resolved": "https://registry.npmmirror.com/pangu/-/pangu-4.0.7.tgz",
      "integrity": "sha512-weZKJIwwy5gjt4STGVUH9bix3BGk7wZ2ahtIypwe3e/mllsrIZIvtfLx1dPX56GcpZFOCFKmeqI1qVuB9enRzA==",
      "dev": true,
      "bin": {
        "pangu": "dist/node/cli.js"
      }
    }
  },
  "dependencies": {
    "axios": {
      "version": "0.26.0",
      "resolved": "https://registry.npmmirror.com/axios/-/axios-0.26.0.tgz",
      "integrity": "sha512-lKoGLMYtHvFrPVt3r+RBMp9nh34N0M8zEfCWqdWZx6phynIEhQqAdydpyBAAG211zlhX9Rgu08cOamy6XjE5Og==",
      "dev": true,
      "requires": {
        "follow-redirects": "^1.14.8"
      }
    },
    "follow-redirects": {
      "version": "1.14.9",
      "resolved": "https://registry.npmmirror.com/follow-redirects/-/follow-redirects-1.14.9.tgz",
      "integrity": "sha512-MQDfihBQYMcyy5dhRDJUHcw7lb2Pv/TuE6xP1vyraLukNDHKbDxDNaOE3NbCAdKQApno+GPRyo1YAp89yCjK4w==",
      "dev": true
    },
    "pangu": {
      "version": "4.0.7",
      "resolved": "https://registry.npmmirror.com/pangu/-/pangu-4.0.7.tgz",
      "integrity": "sha512-weZKJIwwy5gjt4STGVUH9bix3BGk7wZ2ahtIypwe3e/mllsrIZIvtfLx1dPX56GcpZFOCFKmeqI1qVuB9enRzA==",
      "dev": true
    }
  }
}
